
Microsoft Visual Studio Solution File, Format Version 12.00
# Visual Studio Version 17
VisualStudioVersion = 17.10.34928.147
MinimumVisualStudioVersion = 10.0.40219.1
Project("{FAE04EC0-301F-11D3-BF4B-00C04F79EFBC}") = "BingWallpaperUpdate", "BingWallpaperUpdate\BingWallpaperUpdate.csproj", "{3CDC5E73-DBDA-4A4F-BA16-CEE0D2E65FF4}"
EndProject
Global
	GlobalSection(SolutionConfigurationPlatforms) = preSolution
		Debug|Any CPU = Debug|Any CPU
		Release|Any CPU = Release|Any CPU
	EndGlobalSection
	GlobalSection(ProjectConfigurationPlatforms) = postSolution
		{3CDC5E73-DBDA-4A4F-BA16-CEE0D2E65FF4}.Debug|Any CPU.ActiveCfg = Debug|Any CPU
		{3CDC5E73-DBDA-4A4F-BA16-CEE0D2E65FF4}.Debug|Any CPU.Build.0 = Debug|Any CPU
		{3CDC5E73-DBDA-4A4F-BA16-CEE0D2E65FF4}.Release|Any CPU.ActiveCfg = Release|Any CPU
		{3CDC5E73-DBDA-4A4F-BA16-CEE0D2E65FF4}.Release|Any CPU.Build.0 = Release|Any CPU
	EndGlobalSection
	GlobalSection(SolutionProperties) = preSolution
		HideSolutionNode = FALSE
	EndGlobalSection
	GlobalSection(ExtensibilityGlobals) = postSolution
		SolutionGuid = {8893433E-F8AE-4C4B-8D81-6C0FB088F5C3}
	EndGlobalSection
EndGlobal
